id: tempest_TMDS_decoder
label: TMDS_decoder
category: '[Tempest]'

templates:
  imports: from gnuradio import tempest
  make: tempest.TMDS_decoder()


#  Make one 'inputs' list entry per input and one 'outputs' list entry per output.
#  Keys include:
#      * label (an identifier for the GUI)
#      * domain (optional - stream or message. Default is stream)
#      * dtype (e.g. int, float, complex, byte, short, xxx_vector, ...)
#      * vlen (optional - data stream vector length. Default is 1)
#      * optional (optional - set to 1 for optional inputs. Default is 0)

inputs:
- label: in
  domain: stream
  dtype: float

outputs:
- label: out
  domain: stream
  dtype: float


#  'file_format' specifies the version of the GRC yml format used in the file
#  and should usually not be changed.
file_format: 1
